
Microsoft Visual Studio Solution File, Format Version 12.00
# Visual Studio Version 16
VisualStudioVersion = 16.0.32002.261
MinimumVisualStudioVersion = 10.0.40219.1
Project("{FAE04EC0-301F-11D3-BF4B-00C04F79EFBC}") = "Ders_23_OOP_Encapsulation", "Ders_23_OOP_Encapsulation\Ders_23_OOP_Encapsulation.csproj", "{FF1A5C0E-7353-44DE-B4DB-8C9D1EE2AFB6}"
EndProject
Global
	GlobalSection(SolutionConfigurationPlatforms) = preSolution
		Debug|Any CPU = Debug|Any CPU
		Release|Any CPU = Release|Any CPU
	EndGlobalSection
	GlobalSection(ProjectConfigurationPlatforms) = postSolution
		{FF1A5C0E-7353-44DE-B4DB-8C9D1EE2AFB6}.Debug|Any CPU.ActiveCfg = Debug|Any CPU
		{FF1A5C0E-7353-44DE-B4DB-8C9D1EE2AFB6}.Debug|Any CPU.Build.0 = Debug|Any CPU
		{FF1A5C0E-7353-44DE-B4DB-8C9D1EE2AFB6}.Release|Any CPU.ActiveCfg = Release|Any CPU
		{FF1A5C0E-7353-44DE-B4DB-8C9D1EE2AFB6}.Release|Any CPU.Build.0 = Release|Any CPU
	EndGlobalSection
	GlobalSection(SolutionProperties) = preSolution
		HideSolutionNode = FALSE
	EndGlobalSection
	GlobalSection(ExtensibilityGlobals) = postSolution
		SolutionGuid = {3D7B2609-93FD-45A9-AAA3-98F626A2910C}
	EndGlobalSection
EndGlobal
