
Microsoft Visual Studio Solution File, Format Version 12.00
# Visual Studio Version 16
VisualStudioVersion = 16.0.32002.261
MinimumVisualStudioVersion = 10.0.40219.1
Project("{FAE04EC0-301F-11D3-BF4B-00C04F79EFBC}") = "Ders15_Harf_Tahmin", "Ders15_Harf_Tahmin\Ders15_Harf_Tahmin.csproj", "{5F11528D-F4AB-49DB-BF9F-DCAC43A9D6D4}"
EndProject
Global
	GlobalSection(SolutionConfigurationPlatforms) = preSolution
		Debug|Any CPU = Debug|Any CPU
		Release|Any CPU = Release|Any CPU
	EndGlobalSection
	GlobalSection(ProjectConfigurationPlatforms) = postSolution
		{5F11528D-F4AB-49DB-BF9F-DCAC43A9D6D4}.Debug|Any CPU.ActiveCfg = Debug|Any CPU
		{5F11528D-F4AB-49DB-BF9F-DCAC43A9D6D4}.Debug|Any CPU.Build.0 = Debug|Any CPU
		{5F11528D-F4AB-49DB-BF9F-DCAC43A9D6D4}.Release|Any CPU.ActiveCfg = Release|Any CPU
		{5F11528D-F4AB-49DB-BF9F-DCAC43A9D6D4}.Release|Any CPU.Build.0 = Release|Any CPU
	EndGlobalSection
	GlobalSection(SolutionProperties) = preSolution
		HideSolutionNode = FALSE
	EndGlobalSection
	GlobalSection(ExtensibilityGlobals) = postSolution
		SolutionGuid = {E42C93F9-F8C9-4E35-A075-F07CA24AE416}
	EndGlobalSection
EndGlobal
