
Microsoft Visual Studio Solution File, Format Version 12.00
# Visual Studio Version 16
VisualStudioVersion = 16.0.32002.261
MinimumVisualStudioVersion = 10.0.40219.1
Project("{9A19103F-16F7-4668-BE54-9A1E7A4F7556}") = "Deleges", "Deleges\Deleges.csproj", "{C6FD0CA3-2229-4D8D-99E8-589C1267BA20}"
EndProject
Project("{FAE04EC0-301F-11D3-BF4B-00C04F79EFBC}") = "Deleges1", "Deleges1\Deleges1.csproj", "{E749EF59-64D7-4F13-9C7D-7D24F46E002C}"
EndProject
Project("{FAE04EC0-301F-11D3-BF4B-00C04F79EFBC}") = "Deleges2", "Deleges2\Deleges2.csproj", "{C54ABF78-21C0-4BF6-B470-86D1D57C941C}"
EndProject
Global
	GlobalSection(SolutionConfigurationPlatforms) = preSolution
		Debug|Any CPU = Debug|Any CPU
		Release|Any CPU = Release|Any CPU
	EndGlobalSection
	GlobalSection(ProjectConfigurationPlatforms) = postSolution
		{C6FD0CA3-2229-4D8D-99E8-589C1267BA20}.Debug|Any CPU.ActiveCfg = Debug|Any CPU
		{C6FD0CA3-2229-4D8D-99E8-589C1267BA20}.Debug|Any CPU.Build.0 = Debug|Any CPU
		{C6FD0CA3-2229-4D8D-99E8-589C1267BA20}.Release|Any CPU.ActiveCfg = Release|Any CPU
		{C6FD0CA3-2229-4D8D-99E8-589C1267BA20}.Release|Any CPU.Build.0 = Release|Any CPU
		{E749EF59-64D7-4F13-9C7D-7D24F46E002C}.Debug|Any CPU.ActiveCfg = Debug|Any CPU
		{E749EF59-64D7-4F13-9C7D-7D24F46E002C}.Debug|Any CPU.Build.0 = Debug|Any CPU
		{E749EF59-64D7-4F13-9C7D-7D24F46E002C}.Release|Any CPU.ActiveCfg = Release|Any CPU
		{E749EF59-64D7-4F13-9C7D-7D24F46E002C}.Release|Any CPU.Build.0 = Release|Any CPU
		{C54ABF78-21C0-4BF6-B470-86D1D57C941C}.Debug|Any CPU.ActiveCfg = Debug|Any CPU
		{C54ABF78-21C0-4BF6-B470-86D1D57C941C}.Debug|Any CPU.Build.0 = Debug|Any CPU
		{C54ABF78-21C0-4BF6-B470-86D1D57C941C}.Release|Any CPU.ActiveCfg = Release|Any CPU
		{C54ABF78-21C0-4BF6-B470-86D1D57C941C}.Release|Any CPU.Build.0 = Release|Any CPU
	EndGlobalSection
	GlobalSection(SolutionProperties) = preSolution
		HideSolutionNode = FALSE
	EndGlobalSection
	GlobalSection(ExtensibilityGlobals) = postSolution
		SolutionGuid = {B2A79E7C-3E89-497B-ADAD-EEF7D66E5388}
	EndGlobalSection
EndGlobal
