
Microsoft Visual Studio Solution File, Format Version 12.00
# Visual Studio Version 16
VisualStudioVersion = 16.0.32002.261
MinimumVisualStudioVersion = 10.0.40219.1
Project("{FAE04EC0-301F-11D3-BF4B-00C04F79EFBC}") = "Ders15_StringMethods", "Ders15_StringMethods\Ders15_StringMethods.csproj", "{A41D6A8B-EC00-4BAD-8453-6C92F28A51AA}"
EndProject
Global
	GlobalSection(SolutionConfigurationPlatforms) = preSolution
		Debug|Any CPU = Debug|Any CPU
		Release|Any CPU = Release|Any CPU
	EndGlobalSection
	GlobalSection(ProjectConfigurationPlatforms) = postSolution
		{A41D6A8B-EC00-4BAD-8453-6C92F28A51AA}.Debug|Any CPU.ActiveCfg = Debug|Any CPU
		{A41D6A8B-EC00-4BAD-8453-6C92F28A51AA}.Debug|Any CPU.Build.0 = Debug|Any CPU
		{A41D6A8B-EC00-4BAD-8453-6C92F28A51AA}.Release|Any CPU.ActiveCfg = Release|Any CPU
		{A41D6A8B-EC00-4BAD-8453-6C92F28A51AA}.Release|Any CPU.Build.0 = Release|Any CPU
	EndGlobalSection
	GlobalSection(SolutionProperties) = preSolution
		HideSolutionNode = FALSE
	EndGlobalSection
	GlobalSection(ExtensibilityGlobals) = postSolution
		SolutionGuid = {A5434924-5944-4151-83B2-10ABBE409498}
	EndGlobalSection
EndGlobal
