
Microsoft Visual Studio Solution File, Format Version 12.00
# Visual Studio Version 16
VisualStudioVersion = 16.0.32002.261
MinimumVisualStudioVersion = 10.0.40219.1
Project("{FAE04EC0-301F-11D3-BF4B-00C04F79EFBC}") = "Ders21_OOP_Ornek", "Ders21_OOP_Ornek\Ders21_OOP_Ornek.csproj", "{4BDB4998-963B-498A-82BE-B9A1EFCFC35C}"
EndProject
Global
	GlobalSection(SolutionConfigurationPlatforms) = preSolution
		Debug|Any CPU = Debug|Any CPU
		Release|Any CPU = Release|Any CPU
	EndGlobalSection
	GlobalSection(ProjectConfigurationPlatforms) = postSolution
		{4BDB4998-963B-498A-82BE-B9A1EFCFC35C}.Debug|Any CPU.ActiveCfg = Debug|Any CPU
		{4BDB4998-963B-498A-82BE-B9A1EFCFC35C}.Debug|Any CPU.Build.0 = Debug|Any CPU
		{4BDB4998-963B-498A-82BE-B9A1EFCFC35C}.Release|Any CPU.ActiveCfg = Release|Any CPU
		{4BDB4998-963B-498A-82BE-B9A1EFCFC35C}.Release|Any CPU.Build.0 = Release|Any CPU
	EndGlobalSection
	GlobalSection(SolutionProperties) = preSolution
		HideSolutionNode = FALSE
	EndGlobalSection
	GlobalSection(ExtensibilityGlobals) = postSolution
		SolutionGuid = {D3F68577-F0D1-4306-80B5-EA716FB7A4D0}
	EndGlobalSection
EndGlobal
