
Microsoft Visual Studio Solution File, Format Version 12.00
# Visual Studio Version 16
VisualStudioVersion = 16.0.32002.261
MinimumVisualStudioVersion = 10.0.40219.1
Project("{9A19103F-16F7-4668-BE54-9A1E7A4F7556}") = "OOP1", "ConsoleApp1\OOP1.csproj", "{4FA04A17-5991-4D84-ACC9-6B2D2DBD26BA}"
EndProject
Project("{FAE04EC0-301F-11D3-BF4B-00C04F79EFBC}") = "OOP2", "OOP2\OOP2.csproj", "{AB250835-49A6-4F9F-95DA-B9463AB5C336}"
EndProject
Project("{FAE04EC0-301F-11D3-BF4B-00C04F79EFBC}") = "OOP3", "OOP3\OOP3.csproj", "{FF6B9FDE-59D7-4DCE-B55B-7B369180759A}"
EndProject
Project("{FAE04EC0-301F-11D3-BF4B-00C04F79EFBC}") = "OOP4", "OOP4\OOP4.csproj", "{1C677B05-5457-4AE7-B9C6-BC2017B56C5D}"
EndProject
Global
	GlobalSection(SolutionConfigurationPlatforms) = preSolution
		Debug|Any CPU = Debug|Any CPU
		Release|Any CPU = Release|Any CPU
	EndGlobalSection
	GlobalSection(ProjectConfigurationPlatforms) = postSolution
		{4FA04A17-5991-4D84-ACC9-6B2D2DBD26BA}.Debug|Any CPU.ActiveCfg = Debug|Any CPU
		{4FA04A17-5991-4D84-ACC9-6B2D2DBD26BA}.Debug|Any CPU.Build.0 = Debug|Any CPU
		{4FA04A17-5991-4D84-ACC9-6B2D2DBD26BA}.Release|Any CPU.ActiveCfg = Release|Any CPU
		{4FA04A17-5991-4D84-ACC9-6B2D2DBD26BA}.Release|Any CPU.Build.0 = Release|Any CPU
		{AB250835-49A6-4F9F-95DA-B9463AB5C336}.Debug|Any CPU.ActiveCfg = Debug|Any CPU
		{AB250835-49A6-4F9F-95DA-B9463AB5C336}.Debug|Any CPU.Build.0 = Debug|Any CPU
		{AB250835-49A6-4F9F-95DA-B9463AB5C336}.Release|Any CPU.ActiveCfg = Release|Any CPU
		{AB250835-49A6-4F9F-95DA-B9463AB5C336}.Release|Any CPU.Build.0 = Release|Any CPU
		{FF6B9FDE-59D7-4DCE-B55B-7B369180759A}.Debug|Any CPU.ActiveCfg = Debug|Any CPU
		{FF6B9FDE-59D7-4DCE-B55B-7B369180759A}.Debug|Any CPU.Build.0 = Debug|Any CPU
		{FF6B9FDE-59D7-4DCE-B55B-7B369180759A}.Release|Any CPU.ActiveCfg = Release|Any CPU
		{FF6B9FDE-59D7-4DCE-B55B-7B369180759A}.Release|Any CPU.Build.0 = Release|Any CPU
		{1C677B05-5457-4AE7-B9C6-BC2017B56C5D}.Debug|Any CPU.ActiveCfg = Debug|Any CPU
		{1C677B05-5457-4AE7-B9C6-BC2017B56C5D}.Debug|Any CPU.Build.0 = Debug|Any CPU
		{1C677B05-5457-4AE7-B9C6-BC2017B56C5D}.Release|Any CPU.ActiveCfg = Release|Any CPU
		{1C677B05-5457-4AE7-B9C6-BC2017B56C5D}.Release|Any CPU.Build.0 = Release|Any CPU
	EndGlobalSection
	GlobalSection(SolutionProperties) = preSolution
		HideSolutionNode = FALSE
	EndGlobalSection
	GlobalSection(ExtensibilityGlobals) = postSolution
		SolutionGuid = {9144C272-922B-4814-A8DC-B4DFDA6FF7CE}
	EndGlobalSection
EndGlobal
